
Microsoft Visual Studio Solution File, Format Version 12.00
# Visual Studio 15
VisualStudioVersion = 15.0.27703.2026
MinimumVisualStudioVersion = 10.0.40219.1
Project("{FAE04EC0-301F-11D3-BF4B-00C04F79EFBC}") = "MarkingSystem", "MarkingSystem\MarkingSystem.csproj", "{681F7CE7-B902-4890-A302-3581CB455074}"
EndProject
Global
	GlobalSection(SolutionConfigurationPlatforms) = preSolution
		Debug|Any CPU = Debug|Any CPU
		Release|Any CPU = Release|Any CPU
	EndGlobalSection
	GlobalSection(ProjectConfigurationPlatforms) = postSolution
		{681F7CE7-B902-4890-A302-3581CB455074}.Debug|Any CPU.ActiveCfg = Debug|Any CPU
		{681F7CE7-B902-4890-A302-3581CB455074}.Debug|Any CPU.Build.0 = Debug|Any CPU
		{681F7CE7-B902-4890-A302-3581CB455074}.Release|Any CPU.ActiveCfg = Release|Any CPU
		{681F7CE7-B902-4890-A302-3581CB455074}.Release|Any CPU.Build.0 = Release|Any CPU
	EndGlobalSection
	GlobalSection(SolutionProperties) = preSolution
		HideSolutionNode = FALSE
	EndGlobalSection
	GlobalSection(ExtensibilityGlobals) = postSolution
		SolutionGuid = {70F567DF-8D8B-4A77-86C5-22834A567AEF}
	EndGlobalSection
EndGlobal
