
Microsoft Visual Studio Solution File, Format Version 12.00
# Visual Studio 15
VisualStudioVersion = 15.0.27703.2026
MinimumVisualStudioVersion = 10.0.40219.1
Project("{FAE04EC0-301F-11D3-BF4B-00C04F79EFBC}") = "PersonAdressProject", "PersonAdressProject\PersonAdressProject.csproj", "{E32AC04B-533D-40E0-9FDE-987724C3890D}"
EndProject
Global
	GlobalSection(SolutionConfigurationPlatforms) = preSolution
		Debug|Any CPU = Debug|Any CPU
		Release|Any CPU = Release|Any CPU
	EndGlobalSection
	GlobalSection(ProjectConfigurationPlatforms) = postSolution
		{E32AC04B-533D-40E0-9FDE-987724C3890D}.Debug|Any CPU.ActiveCfg = Debug|Any CPU
		{E32AC04B-533D-40E0-9FDE-987724C3890D}.Debug|Any CPU.Build.0 = Debug|Any CPU
		{E32AC04B-533D-40E0-9FDE-987724C3890D}.Release|Any CPU.ActiveCfg = Release|Any CPU
		{E32AC04B-533D-40E0-9FDE-987724C3890D}.Release|Any CPU.Build.0 = Release|Any CPU
	EndGlobalSection
	GlobalSection(SolutionProperties) = preSolution
		HideSolutionNode = FALSE
	EndGlobalSection
	GlobalSection(ExtensibilityGlobals) = postSolution
		SolutionGuid = {F23D2C9A-64B6-4269-818E-4D9F98F802D6}
	EndGlobalSection
EndGlobal
